
Microsoft Visual Studio Solution File, Format Version 12.00
# Visual Studio 14
VisualStudioVersion = 14.0.25420.1
MinimumVisualStudioVersion = 10.0.40219.1
Project("{FAE04EC0-301F-11D3-BF4B-00C04F79EFBC}") = "FibonacciNumber", "FileSystem\FibonacciNumber.csproj", "{8382B04C-3953-4316-9FC8-D1F47CF1B7C5}"
EndProject
Project("{FAE04EC0-301F-11D3-BF4B-00C04F79EFBC}") = "SumOfTwoElements", "SumOfTwoElements\SumOfTwoElements.csproj", "{A3BA47D4-177D-4A51-852B-7A544B84F94C}"
EndProject
Global
	GlobalSection(SolutionConfigurationPlatforms) = preSolution
		Debug|Any CPU = Debug|Any CPU
		Release|Any CPU = Release|Any CPU
	EndGlobalSection
	GlobalSection(ProjectConfigurationPlatforms) = postSolution
		{8382B04C-3953-4316-9FC8-D1F47CF1B7C5}.Debug|Any CPU.ActiveCfg = Debug|Any CPU
		{8382B04C-3953-4316-9FC8-D1F47CF1B7C5}.Debug|Any CPU.Build.0 = Debug|Any CPU
		{8382B04C-3953-4316-9FC8-D1F47CF1B7C5}.Release|Any CPU.ActiveCfg = Release|Any CPU
		{8382B04C-3953-4316-9FC8-D1F47CF1B7C5}.Release|Any CPU.Build.0 = Release|Any CPU
		{A3BA47D4-177D-4A51-852B-7A544B84F94C}.Debug|Any CPU.ActiveCfg = Debug|Any CPU
		{A3BA47D4-177D-4A51-852B-7A544B84F94C}.Debug|Any CPU.Build.0 = Debug|Any CPU
		{A3BA47D4-177D-4A51-852B-7A544B84F94C}.Release|Any CPU.ActiveCfg = Release|Any CPU
		{A3BA47D4-177D-4A51-852B-7A544B84F94C}.Release|Any CPU.Build.0 = Release|Any CPU
	EndGlobalSection
	GlobalSection(SolutionProperties) = preSolution
		HideSolutionNode = FALSE
	EndGlobalSection
EndGlobal
